// !$*UTF8*$!
{
	archiveVersion = 1;
	classes = {
	};
	objectVersion = 46;
	objects = {

/* Begin PBXBuildFile section */
		385E9EDD1C94FE1400FE0B53 /* ProblemActionTableViewCell.m in Sources */ = {isa = PBXBuildFile; fileRef = 385E9EDC1C94FE1400FE0B53 /* ProblemActionTableViewCell.m */; };
		385E9EE01C94FE5200FE0B53 /* ProblemDetailTableViewController.m in Sources */ = {isa = PBXBuildFile; fileRef = 385E9EDF1C94FE5200FE0B53 /* ProblemDetailTableViewController.m */; };
		389D2F5E1C910427001463E5 /* main.m in Sources */ = {isa = PBXBuildFile; fileRef = 389D2F5D1C910427001463E5 /* main.m */; };
		389D2F611C910427001463E5 /* AppDelegate.m in Sources */ = {isa = PBXBuildFile; fileRef = 389D2F601C910427001463E5 /* AppDelegate.m */; };
		389D2F641C910427001463E5 /* ViewController.m in Sources */ = {isa = PBXBuildFile; fileRef = 389D2F631C910427001463E5 /* ViewController.m */; };
		389D2F671C910427001463E5 /* Main.storyboard in Resources */ = {isa = PBXBuildFile; fileRef = 389D2F651C910427001463E5 /* Main.storyboard */; };
		389D2F691C910427001463E5 /* Assets.xcassets in Resources */ = {isa = PBXBuildFile; fileRef = 389D2F681C910427001463E5 /* Assets.xcassets */; };
		389D2F6C1C910427001463E5 /* LaunchScreen.storyboard in Resources */ = {isa = PBXBuildFile; fileRef = 389D2F6A1C910427001463E5 /* LaunchScreen.storyboard */; };
		389D2F771C910427001463E5 /* Daily_LeetCodeTests.m in Sources */ = {isa = PBXBuildFile; fileRef = 389D2F761C910427001463E5 /* Daily_LeetCodeTests.m */; };
		389D2F821C910427001463E5 /* Daily_LeetCodeUITests.m in Sources */ = {isa = PBXBuildFile; fileRef = 389D2F811C910427001463E5 /* Daily_LeetCodeUITests.m */; };
		389D2F911C910BD5001463E5 /* ProblemListTableViewController.m in Sources */ = {isa = PBXBuildFile; fileRef = 389D2F901C910BD5001463E5 /* ProblemListTableViewController.m */; };
		389D2F941C910BE7001463E5 /* ProblemListTableViewCell.m in Sources */ = {isa = PBXBuildFile; fileRef = 389D2F931C910BE7001463E5 /* ProblemListTableViewCell.m */; };
		389D2F971C91F74E001463E5 /* Client.m in Sources */ = {isa = PBXBuildFile; fileRef = 389D2F961C91F74E001463E5 /* Client.m */; };
		38D7A1C21C94CA1E005501F1 /* DailyDescriptionTableViewCell.m in Sources */ = {isa = PBXBuildFile; fileRef = 38D7A1C11C94CA1E005501F1 /* DailyDescriptionTableViewCell.m */; };
		38D7A1C51C94CC4A005501F1 /* DailyTableViewController.m in Sources */ = {isa = PBXBuildFile; fileRef = 38D7A1C41C94CC4A005501F1 /* DailyTableViewController.m */; };
		712F28F1B5B2F9EB48179AB3 /* libPods.a in Frameworks */ = {isa = PBXBuildFile; fileRef = 596A7B4A366DE9D839E9CE89 /* libPods.a */; };
/* End PBXBuildFile section */

/* Begin PBXContainerItemProxy section */
		389D2F731C910427001463E5 /* PBXContainerItemProxy */ = {
			isa = PBXContainerItemProxy;
			containerPortal = 389D2F511C910427001463E5 /* Project object */;
			proxyType = 1;
			remoteGlobalIDString = 389D2F581C910427001463E5;
			remoteInfo = "Daily LeetCode";
		};
		389D2F7E1C910427001463E5 /* PBXContainerItemProxy */ = {
			isa = PBXContainerItemProxy;
			containerPortal = 389D2F511C910427001463E5 /* Project object */;
			proxyType = 1;
			remoteGlobalIDString = 389D2F581C910427001463E5;
			remoteInfo = "Daily LeetCode";
		};
/* End PBXContainerItemProxy section */

/* Begin PBXFileReference section */
		0D0EDC9290285F8848B97AA7 /* Pods.debug.xcconfig */ = {isa = PBXFileReference; includeInIndex = 1; lastKnownFileType = text.xcconfig; name = Pods.debug.xcconfig; path = "Pods/Target Support Files/Pods/Pods.debug.xcconfig"; sourceTree = "<group>"; };
		155507D57DD4B918203FC239 /* Pods.release.xcconfig */ = {isa = PBXFileReference; includeInIndex = 1; lastKnownFileType = text.xcconfig; name = Pods.release.xcconfig; path = "Pods/Target Support Files/Pods/Pods.release.xcconfig"; sourceTree = "<group>"; };
		385E9EDB1C94FE1400FE0B53 /* ProblemActionTableViewCell.h */ = {isa = PBXFileReference; fileEncoding = 4; lastKnownFileType = sourcecode.c.h; path = ProblemActionTableViewCell.h; sourceTree = "<group>"; };
		385E9EDC1C94FE1400FE0B53 /* ProblemActionTableViewCell.m */ = {isa = PBXFileReference; fileEncoding = 4; lastKnownFileType = sourcecode.c.objc; path = ProblemActionTableViewCell.m; sourceTree = "<group>"; };
		385E9EDE1C94FE5200FE0B53 /* ProblemDetailTableViewController.h */ = {isa = PBXFileReference; fileEncoding = 4; lastKnownFileType = sourcecode.c.h; path = ProblemDetailTableViewController.h; sourceTree = "<group>"; };
		385E9EDF1C94FE5200FE0B53 /* ProblemDetailTableViewController.m */ = {isa = PBXFileReference; fileEncoding = 4; lastKnownFileType = sourcecode.c.objc; path = ProblemDetailTableViewController.m; sourceTree = "<group>"; };
		389D2F591C910427001463E5 /* Daily LeetCode.app */ = {isa = PBXFileReference; explicitFileType = wrapper.application; includeInIndex = 0; path = "Daily LeetCode.app"; sourceTree = BUILT_PRODUCTS_DIR; };
		389D2F5D1C910427001463E5 /* main.m */ = {isa = PBXFileReference; lastKnownFileType = sourcecode.c.objc; path = main.m; sourceTree = "<group>"; };
		389D2F5F1C910427001463E5 /* AppDelegate.h */ = {isa = PBXFileReference; lastKnownFileType = sourcecode.c.h; path = AppDelegate.h; sourceTree = "<group>"; };
		389D2F601C910427001463E5 /* AppDelegate.m */ = {isa = PBXFileReference; lastKnownFileType = sourcecode.c.objc; path = AppDelegate.m; sourceTree = "<group>"; };
		389D2F621C910427001463E5 /* ViewController.h */ = {isa = PBXFileReference; lastKnownFileType = sourcecode.c.h; path = ViewController.h; sourceTree = "<group>"; };
		389D2F631C910427001463E5 /* ViewController.m */ = {isa = PBXFileReference; lastKnownFileType = sourcecode.c.objc; path = ViewController.m; sourceTree = "<group>"; };
		389D2F661C910427001463E5 /* Base */ = {isa = PBXFileReference; lastKnownFileType = file.storyboard; name = Base; path = Base.lproj/Main.storyboard; sourceTree = "<group>"; };
		389D2F681C910427001463E5 /* Assets.xcassets */ = {isa = PBXFileReference; lastKnownFileType = folder.assetcatalog; path = Assets.xcassets; sourceTree = "<group>"; };
		389D2F6B1C910427001463E5 /* Base */ = {isa = PBXFileReference; lastKnownFileType = file.storyboard; name = Base; path = Base.lproj/LaunchScreen.storyboard; sourceTree = "<group>"; };
		389D2F6D1C910427001463E5 /* Info.plist */ = {isa = PBXFileReference; lastKnownFileType = text.plist.xml; path = Info.plist; sourceTree = "<group>"; };
		389D2F721C910427001463E5 /* Daily LeetCodeTests.xctest */ = {isa = PBXFileReference; explicitFileType = wrapper.cfbundle; includeInIndex = 0; path = "Daily LeetCodeTests.xctest"; sourceTree = BUILT_PRODUCTS_DIR; };
		389D2F761C910427001463E5 /* Daily_LeetCodeTests.m */ = {isa = PBXFileReference; lastKnownFileType = sourcecode.c.objc; path = Daily_LeetCodeTests.m; sourceTree = "<group>"; };
		389D2F781C910427001463E5 /* Info.plist */ = {isa = PBXFileReference; lastKnownFileType = text.plist.xml; path = Info.plist; sourceTree = "<group>"; };
		389D2F7D1C910427001463E5 /* Daily LeetCodeUITests.xctest */ = {isa = PBXFileReference; explicitFileType = wrapper.cfbundle; includeInIndex = 0; path = "Daily LeetCodeUITests.xctest"; sourceTree = BUILT_PRODUCTS_DIR; };
		389D2F811C910427001463E5 /* Daily_LeetCodeUITests.m */ = {isa = PBXFileReference; lastKnownFileType = sourcecode.c.objc; path = Daily_LeetCodeUITests.m; sourceTree = "<group>"; };
		389D2F831C910427001463E5 /* Info.plist */ = {isa = PBXFileReference; lastKnownFileType = text.plist.xml; path = Info.plist; sourceTree = "<group>"; };
		389D2F8F1C910BD5001463E5 /* ProblemListTableViewController.h */ = {isa = PBXFileReference; fileEncoding = 4; lastKnownFileType = sourcecode.c.h; path = ProblemListTableViewController.h; sourceTree = "<group>"; };
		389D2F901C910BD5001463E5 /* ProblemListTableViewController.m */ = {isa = PBXFileReference; fileEncoding = 4; lastKnownFileType = sourcecode.c.objc; path = ProblemListTableViewController.m; sourceTree = "<group>"; };
		389D2F921C910BE7001463E5 /* ProblemListTableViewCell.h */ = {isa = PBXFileReference; fileEncoding = 4; lastKnownFileType = sourcecode.c.h; path = ProblemListTableViewCell.h; sourceTree = "<group>"; };
		389D2F931C910BE7001463E5 /* ProblemListTableViewCell.m */ = {isa = PBXFileReference; fileEncoding = 4; lastKnownFileType = sourcecode.c.objc; path = ProblemListTableViewCell.m; sourceTree = "<group>"; };
		389D2F951C91F74E001463E5 /* Client.h */ = {isa = PBXFileReference; fileEncoding = 4; lastKnownFileType = sourcecode.c.h; path = Client.h; sourceTree = "<group>"; };
		389D2F961C91F74E001463E5 /* Client.m */ = {isa = PBXFileReference; fileEncoding = 4; lastKnownFileType = sourcecode.c.objc; path = Client.m; sourceTree = "<group>"; };
		389D2F981C91FBA5001463E5 /* ClientDelegate.h */ = {isa = PBXFileReference; lastKnownFileType = sourcecode.c.h; path = ClientDelegate.h; sourceTree = "<group>"; };
		38D7A1C01C94CA1E005501F1 /* DailyDescriptionTableViewCell.h */ = {isa = PBXFileReference; fileEncoding = 4; lastKnownFileType = sourcecode.c.h; path = DailyDescriptionTableViewCell.h; sourceTree = "<group>"; };
		38D7A1C11C94CA1E005501F1 /* DailyDescriptionTableViewCell.m */ = {isa = PBXFileReference; fileEncoding = 4; lastKnownFileType = sourcecode.c.objc; path = DailyDescriptionTableViewCell.m; sourceTree = "<group>"; };
		38D7A1C31C94CC4A005501F1 /* DailyTableViewController.h */ = {isa = PBXFileReference; fileEncoding = 4; lastKnownFileType = sourcecode.c.h; path = DailyTableViewController.h; sourceTree = "<group>"; };
		38D7A1C41C94CC4A005501F1 /* DailyTableViewController.m */ = {isa = PBXFileReference; fileEncoding = 4; lastKnownFileType = sourcecode.c.objc; path = DailyTableViewController.m; sourceTree = "<group>"; };
		596A7B4A366DE9D839E9CE89 /* libPods.a */ = {isa = PBXFileReference; explicitFileType = archive.ar; includeInIndex = 0; path = libPods.a; sourceTree = BUILT_PRODUCTS_DIR; };
/* End PBXFileReference section */

/* Begin PBXFrameworksBuildPhase section */
		389D2F561C910427001463E5 /* Frameworks */ = {
			isa = PBXFrameworksBuildPhase;
			buildActionMask = 2147483647;
			files = (
				712F28F1B5B2F9EB48179AB3 /* libPods.a in Frameworks */,
			);
			runOnlyForDeploymentPostprocessing = 0;
		};
		389D2F6F1C910427001463E5 /* Frameworks */ = {
			isa = PBXFrameworksBuildPhase;
			buildActionMask = 2147483647;
			files = (
			);
			runOnlyForDeploymentPostprocessing = 0;
		};
		389D2F7A1C910427001463E5 /* Frameworks */ = {
			isa = PBXFrameworksBuildPhase;
			buildActionMask = 2147483647;
			files = (
			);
			runOnlyForDeploymentPostprocessing = 0;
		};
/* End PBXFrameworksBuildPhase section */

/* Begin PBXGroup section */
		30E84C5289D324BA29AF3481 /* Frameworks */ = {
			isa = PBXGroup;
			children = (
				596A7B4A366DE9D839E9CE89 /* libPods.a */,
			);
			name = Frameworks;
			sourceTree = "<group>";
		};
		389D2F501C910427001463E5 = {
			isa = PBXGroup;
			children = (
				389D2F5B1C910427001463E5 /* Daily LeetCode */,
				389D2F751C910427001463E5 /* Daily LeetCodeTests */,
				389D2F801C910427001463E5 /* Daily LeetCodeUITests */,
				389D2F5A1C910427001463E5 /* Products */,
				562A72B6721401E19613B47B /* Pods */,
				30E84C5289D324BA29AF3481 /* Frameworks */,
			);
			sourceTree = "<group>";
		};
		389D2F5A1C910427001463E5 /* Products */ = {
			isa = PBXGroup;
			children = (
				389D2F591C910427001463E5 /* Daily LeetCode.app */,
				389D2F721C910427001463E5 /* Daily LeetCodeTests.xctest */,
				389D2F7D1C910427001463E5 /* Daily LeetCodeUITests.xctest */,
			);
			name = Products;
			sourceTree = "<group>";
		};
		389D2F5B1C910427001463E5 /* Daily LeetCode */ = {
			isa = PBXGroup;
			children = (
				389D2F5F1C910427001463E5 /* AppDelegate.h */,
				389D2F601C910427001463E5 /* AppDelegate.m */,
				389D2F621C910427001463E5 /* ViewController.h */,
				389D2F631C910427001463E5 /* ViewController.m */,
				389D2F651C910427001463E5 /* Main.storyboard */,
				385E9EDB1C94FE1400FE0B53 /* ProblemActionTableViewCell.h */,
				385E9EDC1C94FE1400FE0B53 /* ProblemActionTableViewCell.m */,
				385E9EDE1C94FE5200FE0B53 /* ProblemDetailTableViewController.h */,
				385E9EDF1C94FE5200FE0B53 /* ProblemDetailTableViewController.m */,
				38D7A1C01C94CA1E005501F1 /* DailyDescriptionTableViewCell.h */,
				38D7A1C11C94CA1E005501F1 /* DailyDescriptionTableViewCell.m */,
				38D7A1C31C94CC4A005501F1 /* DailyTableViewController.h */,
				38D7A1C41C94CC4A005501F1 /* DailyTableViewController.m */,
				389D2F921C910BE7001463E5 /* ProblemListTableViewCell.h */,
				389D2F931C910BE7001463E5 /* ProblemListTableViewCell.m */,
				389D2F8F1C910BD5001463E5 /* ProblemListTableViewController.h */,
				389D2F901C910BD5001463E5 /* ProblemListTableViewController.m */,
				389D2F681C910427001463E5 /* Assets.xcassets */,
				389D2F6A1C910427001463E5 /* LaunchScreen.storyboard */,
				389D2F6D1C910427001463E5 /* Info.plist */,
				389D2F5C1C910427001463E5 /* Supporting Files */,
				389D2F951C91F74E001463E5 /* Client.h */,
				389D2F981C91FBA5001463E5 /* ClientDelegate.h */,
				389D2F961C91F74E001463E5 /* Client.m */,
			);
			path = "Daily LeetCode";
			sourceTree = "<group>";
		};
		389D2F5C1C910427001463E5 /* Supporting Files */ = {
			isa = PBXGroup;
			children = (
				389D2F5D1C910427001463E5 /* main.m */,
			);
			name = "Supporting Files";
			sourceTree = "<group>";
		};
		389D2F751C910427001463E5 /* Daily LeetCodeTests */ = {
			isa = PBXGroup;
			children = (
				389D2F761C910427001463E5 /* Daily_LeetCodeTests.m */,
				389D2F781C910427001463E5 /* Info.plist */,
			);
			path = "Daily LeetCodeTests";
			sourceTree = "<group>";
		};
		389D2F801C910427001463E5 /* Daily LeetCodeUITests */ = {
			isa = PBXGroup;
			children = (
				389D2F811C910427001463E5 /* Daily_LeetCodeUITests.m */,
				389D2F831C910427001463E5 /* Info.plist */,
			);
			path = "Daily LeetCodeUITests";
			sourceTree = "<group>";
		};
		562A72B6721401E19613B47B /* Pods */ = {
			isa = PBXGroup;
			children = (
				0D0EDC9290285F8848B97AA7 /* Pods.debug.xcconfig */,
				155507D57DD4B918203FC239 /* Pods.release.xcconfig */,
			);
			name = Pods;
			sourceTree = "<group>";
		};
/* End PBXGroup section */

/* Begin PBXNativeTarget section */
		389D2F581C910427001463E5 /* Daily LeetCode */ = {
			isa = PBXNativeTarget;
			buildConfigurationList = 389D2F861C910427001463E5 /* Build configuration list for PBXNativeTarget "Daily LeetCode" */;
			buildPhases = (
				A20E1607FF321B97BE084917 /* Check Pods Manifest.lock */,
				389D2F551C910427001463E5 /* Sources */,
				389D2F561C910427001463E5 /* Frameworks */,
				389D2F571C910427001463E5 /* Resources */,
				E0A66FAB548011ECFCC076CE /* Embed Pods Frameworks */,
				C8E68870ED5DD776499B68EC /* Copy Pods Resources */,
			);
			buildRules = (
			);
			dependencies = (
			);
			name = "Daily LeetCode";
			productName = "Daily LeetCode";
			productReference = 389D2F591C910427001463E5 /* Daily LeetCode.app */;
			productType = "com.apple.product-type.application";
		};
		389D2F711C910427001463E5 /* Daily LeetCodeTests */ = {
			isa = PBXNativeTarget;
			buildConfigurationList = 389D2F891C910428001463E5 /* Build configuration list for PBXNativeTarget "Daily LeetCodeTests" */;
			buildPhases = (
				389D2F6E1C910427001463E5 /* Sources */,
				389D2F6F1C910427001463E5 /* Frameworks */,
				389D2F701C910427001463E5 /* Resources */,
			);
			buildRules = (
			);
			dependencies = (
				389D2F741C910427001463E5 /* PBXTargetDependency */,
			);
			name = "Daily LeetCodeTests";
			productName = "Daily LeetCodeTests";
			productReference = 389D2F721C910427001463E5 /* Daily LeetCodeTests.xctest */;
			productType = "com.apple.product-type.bundle.unit-test";
		};
		389D2F7C1C910427001463E5 /* Daily LeetCodeUITests */ = {
			isa = PBXNativeTarget;
			buildConfigurationList = 389D2F8C1C910428001463E5 /* Build configuration list for PBXNativeTarget "Daily LeetCodeUITests" */;
			buildPhases = (
				389D2F791C910427001463E5 /* Sources */,
				389D2F7A1C910427001463E5 /* Frameworks */,
				389D2F7B1C910427001463E5 /* Resources */,
			);
			buildRules = (
			);
			dependencies = (
				389D2F7F1C910427001463E5 /* PBXTargetDependency */,
			);
			name = "Daily LeetCodeUITests";
			productName = "Daily LeetCodeUITests";
			productReference = 389D2F7D1C910427001463E5 /* Daily LeetCodeUITests.xctest */;
			productType = "com.apple.product-type.bundle.ui-testing";
		};
/* End PBXNativeTarget section */

/* Begin PBXProject section */
		389D2F511C910427001463E5 /* Project object */ = {
			isa = PBXProject;
			attributes = {
				LastUpgradeCheck = 0720;
				ORGANIZATIONNAME = mandy;
				TargetAttributes = {
					389D2F581C910427001463E5 = {
						CreatedOnToolsVersion = 7.2.1;
						DevelopmentTeam = H65YGURB5Y;
					};
					389D2F711C910427001463E5 = {
						CreatedOnToolsVersion = 7.2.1;
						DevelopmentTeam = H65YGURB5Y;
						TestTargetID = 389D2F581C910427001463E5;
					};
					389D2F7C1C910427001463E5 = {
						CreatedOnToolsVersion = 7.2.1;
						DevelopmentTeam = H65YGURB5Y;
						TestTargetID = 389D2F581C910427001463E5;
					};
				};
			};
			buildConfigurationList = 389D2F541C910427001463E5 /* Build configuration list for PBXProject "Daily LeetCode" */;
			compatibilityVersion = "Xcode 3.2";
			developmentRegion = English;
			hasScannedForEncodings = 0;
			knownRegions = (
				en,
				Base,
			);
			mainGroup = 389D2F501C910427001463E5;
			productRefGroup = 389D2F5A1C910427001463E5 /* Products */;
			projectDirPath = "";
			projectRoot = "";
			targets = (
				389D2F581C910427001463E5 /* Daily LeetCode */,
				389D2F711C910427001463E5 /* Daily LeetCodeTests */,
				389D2F7C1C910427001463E5 /* Daily LeetCodeUITests */,
			);
		};
/* End PBXProject section */

/* Begin PBXResourcesBuildPhase section */
		389D2F571C910427001463E5 /* Resources */ = {
			isa = PBXResourcesBuildPhase;
			buildActionMask = 2147483647;
			files = (
				389D2F6C1C910427001463E5 /* LaunchScreen.storyboard in Resources */,
				389D2F691C910427001463E5 /* Assets.xcassets in Resources */,
				389D2F671C910427001463E5 /* Main.storyboard in Resources */,
			);
			runOnlyForDeploymentPostprocessing = 0;
		};
		389D2F701C910427001463E5 /* Resources */ = {
			isa = PBXResourcesBuildPhase;
			buildActionMask = 2147483647;
			files = (
			);
			runOnlyForDeploymentPostprocessing = 0;
		};
		389D2F7B1C910427001463E5 /* Resources */ = {
			isa = PBXResourcesBuildPhase;
			buildActionMask = 2147483647;
			files = (
			);
			runOnlyForDeploymentPostprocessing = 0;
		};
/* End PBXResourcesBuildPhase section */

/* Begin PBXShellScriptBuildPhase section */
		A20E1607FF321B97BE084917 /* Check Pods Manifest.lock */ = {
			isa = PBXShellScriptBuildPhase;
			buildActionMask = 2147483647;
			files = (
			);
			inputPaths = (
			);
			name = "Check Pods Manifest.lock";
			outputPaths = (
			);
			runOnlyForDeploymentPostprocessing = 0;
			shellPath = /bin/sh;
			shellScript = "diff \"${PODS_ROOT}/../Podfile.lock\" \"${PODS_ROOT}/Manifest.lock\" > /dev/null\nif [[ $? != 0 ]] ; then\n    cat << EOM\nerror: The sandbox is not in sync with the Podfile.lock. Run 'pod install' or update your CocoaPods installation.\nEOM\n    exit 1\nfi\n";
			showEnvVarsInLog = 0;
		};
		C8E68870ED5DD776499B68EC /* Copy Pods Resources */ = {
			isa = PBXShellScriptBuildPhase;
			buildActionMask = 2147483647;
			files = (
			);
			inputPaths = (
			);
			name = "Copy Pods Resources";
			outputPaths = (
			);
			runOnlyForDeploymentPostprocessing = 0;
			shellPath = /bin/sh;
			shellScript = "\"${SRCROOT}/Pods/Target Support Files/Pods/Pods-resources.sh\"\n";
			showEnvVarsInLog = 0;
		};
		E0A66FAB548011ECFCC076CE /* Embed Pods Frameworks */ = {
			isa = PBXShellScriptBuildPhase;
			buildActionMask = 2147483647;
			files = (
			);
			inputPaths = (
			);
			name = "Embed Pods Frameworks";
			outputPaths = (
			);
			runOnlyForDeploymentPostprocessing = 0;
			shellPath = /bin/sh;
			shellScript = "\"${SRCROOT}/Pods/Target Support Files/Pods/Pods-frameworks.sh\"\n";
			showEnvVarsInLog = 0;
		};
/* End PBXShellScriptBuildPhase section */

/* Begin PBXSourcesBuildPhase section */
		389D2F551C910427001463E5 /* Sources */ = {
			isa = PBXSourcesBuildPhase;
			buildActionMask = 2147483647;
			files = (
				385E9EE01C94FE5200FE0B53 /* ProblemDetailTableViewController.m in Sources */,
				389D2F641C910427001463E5 /* ViewController.m in Sources */,
				385E9EDD1C94FE1400FE0B53 /* ProblemActionTableViewCell.m in Sources */,
				389D2F611C910427001463E5 /* AppDelegate.m in Sources */,
				38D7A1C21C94CA1E005501F1 /* DailyDescriptionTableViewCell.m in Sources */,
				389D2F971C91F74E001463E5 /* Client.m in Sources */,
				389D2F941C910BE7001463E5 /* ProblemListTableViewCell.m in Sources */,
				389D2F911C910BD5001463E5 /* ProblemListTableViewController.m in Sources */,
				389D2F5E1C910427001463E5 /* main.m in Sources */,
				38D7A1C51C94CC4A005501F1 /* DailyTableViewController.m in Sources */,
			);
			runOnlyForDeploymentPostprocessing = 0;
		};
		389D2F6E1C910427001463E5 /* Sources */ = {
			isa = PBXSourcesBuildPhase;
			buildActionMask = 2147483647;
			files = (
				389D2F771C910427001463E5 /* Daily_LeetCodeTests.m in Sources */,
			);
			runOnlyForDeploymentPostprocessing = 0;
		};
		389D2F791C910427001463E5 /* Sources */ = {
			isa = PBXSourcesBuildPhase;
			buildActionMask = 2147483647;
			files = (
				389D2F821C910427001463E5 /* Daily_LeetCodeUITests.m in Sources */,
			);
			runOnlyForDeploymentPostprocessing = 0;
		};
/* End PBXSourcesBuildPhase section */

/* Begin PBXTargetDependency section */
		389D2F741C910427001463E5 /* PBXTargetDependency */ = {
			isa = PBXTargetDependency;
			target = 389D2F581C910427001463E5 /* Daily LeetCode */;
			targetProxy = 389D2F731C910427001463E5 /* PBXContainerItemProxy */;
		};
		389D2F7F1C910427001463E5 /* PBXTargetDependency */ = {
			isa = PBXTargetDependency;
			target = 389D2F581C910427001463E5 /* Daily LeetCode */;
			targetProxy = 389D2F7E1C910427001463E5 /* PBXContainerItemProxy */;
		};
/* End PBXTargetDependency section */

/* Begin PBXVariantGroup section */
		389D2F651C910427001463E5 /* Main.storyboard */ = {
			isa = PBXVariantGroup;
			children = (
				389D2F661C910427001463E5 /* Base */,
			);
			name = Main.storyboard;
			sourceTree = "<group>";
		};
		389D2F6A1C910427001463E5 /* LaunchScreen.storyboard */ = {
			isa = PBXVariantGroup;
			children = (
				389D2F6B1C910427001463E5 /* Base */,
			);
			name = LaunchScreen.storyboard;
			sourceTree = "<group>";
		};
/* End PBXVariantGroup section */

/* Begin XCBuildConfiguration section */
		389D2F841C910427001463E5 /* Debug */ = {
			isa = XCBuildConfiguration;
			buildSettings = {
				ALWAYS_SEARCH_USER_PATHS = NO;
				CLANG_CXX_LANGUAGE_STANDARD = "gnu++0x";
				CLANG_CXX_LIBRARY = "libc++";
				CLANG_ENABLE_MODULES = YES;
				CLANG_ENABLE_OBJC_ARC = YES;
				CLANG_WARN_BOOL_CONVERSION = YES;
				CLANG_WARN_CONSTANT_CONVERSION = YES;
				CLANG_WARN_DIRECT_OBJC_ISA_USAGE = YES_ERROR;
				CLANG_WARN_EMPTY_BODY = YES;
				CLANG_WARN_ENUM_CONVERSION = YES;
				CLANG_WARN_INT_CONVERSION = YES;
				CLANG_WARN_OBJC_ROOT_CLASS = YES_ERROR;
				CLANG_WARN_UNREACHABLE_CODE = YES;
				CLANG_WARN__DUPLICATE_METHOD_MATCH = YES;
				"CODE_SIGN_IDENTITY[sdk=iphoneos*]" = "iPhone Developer";
				COPY_PHASE_STRIP = NO;
				DEBUG_INFORMATION_FORMAT = dwarf;
				ENABLE_STRICT_OBJC_MSGSEND = YES;
				ENABLE_TESTABILITY = YES;
				GCC_C_LANGUAGE_STANDARD = gnu99;
				GCC_DYNAMIC_NO_PIC = NO;
				GCC_NO_COMMON_BLOCKS = YES;
				GCC_OPTIMIZATION_LEVEL = 0;
				GCC_PREPROCESSOR_DEFINITIONS = (
					"DEBUG=1",
					"$(inherited)",
				);
				GCC_WARN_64_TO_32_BIT_CONVERSION = YES;
				GCC_WARN_ABOUT_RETURN_TYPE = YES_ERROR;
				GCC_WARN_UNDECLARED_SELECTOR = YES;
				GCC_WARN_UNINITIALIZED_AUTOS = YES_AGGRESSIVE;
				GCC_WARN_UNUSED_FUNCTION = YES;
				GCC_WARN_UNUSED_VARIABLE = YES;
				IPHONEOS_DEPLOYMENT_TARGET = 9.2;
				MTL_ENABLE_DEBUG_INFO = YES;
				ONLY_ACTIVE_ARCH = YES;
				SDKROOT = iphoneos;
				TARGETED_DEVICE_FAMILY = "1,2";
			};
			name = Debug;
		};
		389D2F851C910427001463E5 /* Release */ = {
			isa = XCBuildConfiguration;
			buildSettings = {
				ALWAYS_SEARCH_USER_PATHS = NO;
				CLANG_CXX_LANGUAGE_STANDARD = "gnu++0x";
				CLANG_CXX_LIBRARY = "libc++";
				CLANG_ENABLE_MODULES = YES;
				CLANG_ENABLE_OBJC_ARC = YES;
				CLANG_WARN_BOOL_CONVERSION = YES;
				CLANG_WARN_CONSTANT_CONVERSION = YES;
				CLANG_WARN_DIRECT_OBJC_ISA_USAGE = YES_ERROR;
				CLANG_WARN_EMPTY_BODY = YES;
				CLANG_WARN_ENUM_CONVERSION = YES;
				CLANG_WARN_INT_CONVERSION = YES;
				CLANG_WARN_OBJC_ROOT_CLASS = YES_ERROR;
				CLANG_WARN_UNREACHABLE_CODE = YES;
				CLANG_WARN__DUPLICATE_METHOD_MATCH = YES;
				"CODE_SIGN_IDENTITY[sdk=iphoneos*]" = "iPhone Developer";
				COPY_PHASE_STRIP = NO;
				DEBUG_INFORMATION_FORMAT = "dwarf-with-dsym";
				ENABLE_NS_ASSERTIONS = NO;
				ENABLE_STRICT_OBJC_MSGSEND = YES;
				GCC_C_LANGUAGE_STANDARD = gnu99;
				GCC_NO_COMMON_BLOCKS = YES;
				GCC_WARN_64_TO_32_BIT_CONVERSION = YES;
				GCC_WARN_ABOUT_RETURN_TYPE = YES_ERROR;
				GCC_WARN_UNDECLARED_SELECTOR = YES;
				GCC_WARN_UNINITIALIZED_AUTOS = YES_AGGRESSIVE;
				GCC_WARN_UNUSED_FUNCTION = YES;
				GCC_WARN_UNUSED_VARIABLE = YES;
				IPHONEOS_DEPLOYMENT_TARGET = 9.2;
				MTL_ENABLE_DEBUG_INFO = NO;
				SDKROOT = iphoneos;
				TARGETED_DEVICE_FAMILY = "1,2";
				VALIDATE_PRODUCT = YES;
			};
			name = Release;
		};
		389D2F871C910427001463E5 /* Debug */ = {
			isa = XCBuildConfiguration;
			baseConfigurationReference = 0D0EDC9290285F8848B97AA7 /* Pods.debug.xcconfig */;
			buildSettings = {
				ASSETCATALOG_COMPILER_APPICON_NAME = AppIcon;
				INFOPLIST_FILE = "Daily LeetCode/Info.plist";
				LD_RUNPATH_SEARCH_PATHS = "$(inherited) @executable_path/Frameworks";
				PRODUCT_BUNDLE_IDENTIFIER = "vstudio.Daily-LeetCode";
				PRODUCT_NAME = "$(TARGET_NAME)";
			};
			name = Debug;
		};
		389D2F881C910427001463E5 /* Release */ = {
			isa = XCBuildConfiguration;
			baseConfigurationReference = 155507D57DD4B918203FC239 /* Pods.release.xcconfig */;
			buildSettings = {
				ASSETCATALOG_COMPILER_APPICON_NAME = AppIcon;
				INFOPLIST_FILE = "Daily LeetCode/Info.plist";
				LD_RUNPATH_SEARCH_PATHS = "$(inherited) @executable_path/Frameworks";
				PRODUCT_BUNDLE_IDENTIFIER = "vstudio.Daily-LeetCode";
				PRODUCT_NAME = "$(TARGET_NAME)";
			};
			name = Release;
		};
		389D2F8A1C910428001463E5 /* Debug */ = {
			isa = XCBuildConfiguration;
			buildSettings = {
				BUNDLE_LOADER = "$(TEST_HOST)";
				INFOPLIST_FILE = "Daily LeetCodeTests/Info.plist";
				LD_RUNPATH_SEARCH_PATHS = "$(inherited) @executable_path/Frameworks @loader_path/Frameworks";
				PRODUCT_BUNDLE_IDENTIFIER = "vstudio.Daily-LeetCodeTests";
				PRODUCT_NAME = "$(TARGET_NAME)";
				TEST_HOST = "$(BUILT_PRODUCTS_DIR)/Daily LeetCode.app/Daily LeetCode";
			};
			name = Debug;
		};
		389D2F8B1C910428001463E5 /* Release */ = {
			isa = XCBuildConfiguration;
			buildSettings = {
				BUNDLE_LOADER = "$(TEST_HOST)";
				INFOPLIST_FILE = "Daily LeetCodeTests/Info.plist";
				LD_RUNPATH_SEARCH_PATHS = "$(inherited) @executable_path/Frameworks @loader_path/Frameworks";
				PRODUCT_BUNDLE_IDENTIFIER = "vstudio.Daily-LeetCodeTests";
				PRODUCT_NAME = "$(TARGET_NAME)";
				TEST_HOST = "$(BUILT_PRODUCTS_DIR)/Daily LeetCode.app/Daily LeetCode";
			};
			name = Release;
		};
		389D2F8D1C910428001463E5 /* Debug */ = {
			isa = XCBuildConfiguration;
			buildSettings = {
				INFOPLIST_FILE = "Daily LeetCodeUITests/Info.plist";
				LD_RUNPATH_SEARCH_PATHS = "$(inherited) @executable_path/Frameworks @loader_path/Frameworks";
				PRODUCT_BUNDLE_IDENTIFIER = "vstudio.Daily-LeetCodeUITests";
				PRODUCT_NAME = "$(TARGET_NAME)";
				TEST_TARGET_NAME = "Daily LeetCode";
				USES_XCTRUNNER = YES;
			};
			name = Debug;
		};
		389D2F8E1C910428001463E5 /* Release */ = {
			isa = XCBuildConfiguration;
			buildSettings = {
				INFOPLIST_FILE = "Daily LeetCodeUITests/Info.plist";
				LD_RUNPATH_SEARCH_PATHS = "$(inherited) @executable_path/Frameworks @loader_path/Frameworks";
				PRODUCT_BUNDLE_IDENTIFIER = "vstudio.Daily-LeetCodeUITests";
				PRODUCT_NAME = "$(TARGET_NAME)";
				TEST_TARGET_NAME = "Daily LeetCode";
				USES_XCTRUNNER = YES;
			};
			name = Release;
		};
/* End XCBuildConfiguration section */

/* Begin XCConfigurationList section */
		389D2F541C910427001463E5 /* Build configuration list for PBXProject "Daily LeetCode" */ = {
			isa = XCConfigurationList;
			buildConfigurations = (
				389D2F841C910427001463E5 /* Debug */,
				389D2F851C910427001463E5 /* Release */,
			);
			defaultConfigurationIsVisible = 0;
			defaultConfigurationName = Release;
		};
		389D2F861C910427001463E5 /* Build configuration list for PBXNativeTarget "Daily LeetCode" */ = {
			isa = XCConfigurationList;
			buildConfigurations = (
				389D2F871C910427001463E5 /* Debug */,
				389D2F881C910427001463E5 /* Release */,
			);
			defaultConfigurationIsVisible = 0;
			defaultConfigurationName = Release;
		};
		389D2F891C910428001463E5 /* Build configuration list for PBXNativeTarget "Daily LeetCodeTests" */ = {
			isa = XCConfigurationList;
			buildConfigurations = (
				389D2F8A1C910428001463E5 /* Debug */,
				389D2F8B1C910428001463E5 /* Release */,
			);
			defaultConfigurationIsVisible = 0;
			defaultConfigurationName = Release;
		};
		389D2F8C1C910428001463E5 /* Build configuration list for PBXNativeTarget "Daily LeetCodeUITests" */ = {
			isa = XCConfigurationList;
			buildConfigurations = (
				389D2F8D1C910428001463E5 /* Debug */,
				389D2F8E1C910428001463E5 /* Release */,
			);
			defaultConfigurationIsVisible = 0;
			defaultConfigurationName = Release;
		};
/* End XCConfigurationList section */
	};
	rootObject = 389D2F511C910427001463E5 /* Project object */;
}
